<?xml version="1.0" encoding="utf-8"?>
<Project ToolsVersion="4.0" xmlns="http://schemas.microsoft.com/developer/msbuild/2003">
  <ItemGroup>
    <Filter Include="Source Files">
      <UniqueIdentifier>{4FC737F1-C7A5-4376-A066-2A32D752A2FF}</UniqueIdentifier>
      <Extensions>cpp;c;cc;cxx;c++;cppm;ixx;def;odl;idl;hpj;bat;asm;asmx</Extensions>
    </Filter>
    <Filter Include="Header Files">
      <UniqueIdentifier>{93995380-89BD-4b04-88EB-625FBE52EBFB}</UniqueIdentifier>
      <Extensions>h;hh;hpp;hxx;h++;hm;inl;inc;ipp;xsd</Extensions>
    </Filter>
  </ItemGroup>
  <ItemGroup>
    <ClCompile Include="src\Animal.cpp"><Filter>Source Files</Filter></ClCompile>
    <ClCompile Include="src\Block.cpp"><Filter>Source Files</Filter></ClCompile>
    <ClCompile Include="src\CollisionHelper.cpp"><Filter>Source Files</Filter></ClCompile>
    <ClCompile Include="src\CraftingSystem.cpp"><Filter>Source Files</Filter></ClCompile>
    <ClCompile Include="src\CraftingUI.cpp"><Filter>Source Files</Filter></ClCompile>
    <ClCompile Include="src\DayCycle.cpp"><Filter>Source Files</Filter></ClCompile>
    <ClCompile Include="src\Entity.cpp"><Filter>Source Files</Filter></ClCompile>
    <ClCompile Include="src\Food.cpp"><Filter>Source Files</Filter></ClCompile>
    <ClCompile Include="src\Game.cpp"><Filter>Source Files</Filter></ClCompile>
    <ClCompile Include="src\Health.cpp"><Filter>Source Files</Filter></ClCompile>
    <ClCompile Include="src\Hunger.cpp"><Filter>Source Files</Filter></ClCompile>
    <ClCompile Include="src\InputHandler.cpp"><Filter>Source Files</Filter></ClCompile>
    <ClCompile Include="src\Inventory.cpp"><Filter>Source Files</Filter></ClCompile>
    <ClCompile Include="src\Item.cpp"><Filter>Source Files</Filter></ClCompile>
    <ClCompile Include="src\main.cpp"><Filter>Source Files</Filter></ClCompile>
    <ClCompile Include="src\Monster.cpp"><Filter>Source Files</Filter></ClCompile>
    <ClCompile Include="src\Player.cpp"><Filter>Source Files</Filter></ClCompile>
    <ClCompile Include="src\Renderer.cpp"><Filter>Source Files</Filter></ClCompile>
    <ClCompile Include="src\SaveManager.cpp"><Filter>Source Files</Filter></ClCompile>
    <ClCompile Include="src\Sleep.cpp"><Filter>Source Files</Filter></ClCompile>
    <ClCompile Include="src\Tool.cpp"><Filter>Source Files</Filter></ClCompile>
    <ClCompile Include="src\World.cpp"><Filter>Source Files</Filter></ClCompile>
  </ItemGroup>
  <ItemGroup>
    <ClInclude Include="include\Animal.h"><Filter>Header Files</Filter></ClInclude>
    <ClInclude Include="include\Block.h"><Filter>Header Files</Filter></ClInclude>
    <ClInclude Include="include\CollisionHelper.h"><Filter>Header Files</Filter></ClInclude>
    <ClInclude Include="include\CraftingSystem.h"><Filter>Header Files</Filter></ClInclude>
    <ClInclude Include="include\CraftingUI.h"><Filter>Header Files</Filter></ClInclude>
    <ClInclude Include="include\DayCycle.h"><Filter>Header Files</Filter></ClInclude>
    <ClInclude Include="include\Entity.h"><Filter>Header Files</Filter></ClInclude>
    <ClInclude Include="include\Food.h"><Filter>Header Files</Filter></ClInclude>
    <ClInclude Include="include\Game.h"><Filter>Header Files</Filter></ClInclude>
    <ClInclude Include="include\Health.h"><Filter>Header Files</Filter></ClInclude>
    <ClInclude Include="include\Hunger.h"><Filter>Header Files</Filter></ClInclude>
    <ClInclude Include="include\InputHandler.h"><Filter>Header Files</Filter></ClInclude>
    <ClInclude Include="include\Inventory.h"><Filter>Header Files</Filter></ClInclude>
    <ClInclude Include="include\Item.h"><Filter>Header Files</Filter></ClInclude>
    <ClInclude Include="include\Monster.h"><Filter>Header Files</Filter></ClInclude>
    <ClInclude Include="include\Player.h"><Filter>Header Files</Filter></ClInclude>
    <ClInclude Include="include\Renderer.h"><Filter>Header Files</Filter></ClInclude>
    <ClInclude Include="include\SaveManager.h"><Filter>Header Files</Filter></ClInclude>
    <ClInclude Include="include\Sleep.h"><Filter>Header Files</Filter></ClInclude>
    <ClInclude Include="include\Tool.h"><Filter>Header Files</Filter></ClInclude>
    <ClInclude Include="include\World.h"><Filter>Header Files</Filter></ClInclude>
  </ItemGroup>
</Project>
